// !$*UTF8*$!
{
	archiveVersion = 1;
	classes = {
	};
	objectVersion = 56;
	objects = {

/* Begin PBXBuildFile section */
		8F04F7C029B1D97D00B1C4A8 /* AppDelegate.swift in Sources */ = {isa = PBXBuildFile; fileRef = 8F04F7BF29B1D97D00B1C4A8 /* AppDelegate.swift */; };
		8F04F7C229B1D97D00B1C4A8 /* SceneDelegate.swift in Sources */ = {isa = PBXBuildFile; fileRef = 8F04F7C129B1D97D00B1C4A8 /* SceneDelegate.swift */; };
		8F04F7C429B1D97D00B1C4A8 /* MainViewController.swift in Sources */ = {isa = PBXBuildFile; fileRef = 8F04F7C329B1D97D00B1C4A8 /* MainViewController.swift */; };
		8F04F7C729B1D97D00B1C4A8 /* Main.storyboard in Resources */ = {isa = PBXBuildFile; fileRef = 8F04F7C529B1D97D00B1C4A8 /* Main.storyboard */; };
		8F04F7C929B1D97D00B1C4A8 /* Assets.xcassets in Resources */ = {isa = PBXBuildFile; fileRef = 8F04F7C829B1D97D00B1C4A8 /* Assets.xcassets */; };
		8F04F7CC29B1D97D00B1C4A8 /* LaunchScreen.storyboard in Resources */ = {isa = PBXBuildFile; fileRef = 8F04F7CA29B1D97D00B1C4A8 /* LaunchScreen.storyboard */; };
		8F04F7D729B1D97D00B1C4A8 /* oekaki_snsTests.swift in Sources */ = {isa = PBXBuildFile; fileRef = 8F04F7D629B1D97D00B1C4A8 /* oekaki_snsTests.swift */; };
		8F04F7E129B1D97D00B1C4A8 /* oekaki_snsUITests.swift in Sources */ = {isa = PBXBuildFile; fileRef = 8F04F7E029B1D97D00B1C4A8 /* oekaki_snsUITests.swift */; };
		8F04F7E329B1D97D00B1C4A8 /* oekaki_snsUITestsLaunchTests.swift in Sources */ = {isa = PBXBuildFile; fileRef = 8F04F7E229B1D97D00B1C4A8 /* oekaki_snsUITestsLaunchTests.swift */; };
/* End PBXBuildFile section */

/* Begin PBXContainerItemProxy section */
		8F04F7D329B1D97D00B1C4A8 /* PBXContainerItemProxy */ = {
			isa = PBXContainerItemProxy;
			containerPortal = 8F04F7B429B1D97D00B1C4A8 /* Project object */;
			proxyType = 1;
			remoteGlobalIDString = 8F04F7BB29B1D97D00B1C4A8;
			remoteInfo = "oekaki-sns";
		};
		8F04F7DD29B1D97D00B1C4A8 /* PBXContainerItemProxy */ = {
			isa = PBXContainerItemProxy;
			containerPortal = 8F04F7B429B1D97D00B1C4A8 /* Project object */;
			proxyType = 1;
			remoteGlobalIDString = 8F04F7BB29B1D97D00B1C4A8;
			remoteInfo = "oekaki-sns";
		};
/* End PBXContainerItemProxy section */

/* Begin PBXFileReference section */
		8F04F7BC29B1D97D00B1C4A8 /* oekaki-sns.app */ = {isa = PBXFileReference; explicitFileType = wrapper.application; includeInIndex = 0; path = "oekaki-sns.app"; sourceTree = BUILT_PRODUCTS_DIR; };
		8F04F7BF29B1D97D00B1C4A8 /* AppDelegate.swift */ = {isa = PBXFileReference; lastKnownFileType = sourcecode.swift; path = AppDelegate.swift; sourceTree = "<group>"; };
		8F04F7C129B1D97D00B1C4A8 /* SceneDelegate.swift */ = {isa = PBXFileReference; lastKnownFileType = sourcecode.swift; path = SceneDelegate.swift; sourceTree = "<group>"; };
		8F04F7C329B1D97D00B1C4A8 /* MainViewController.swift */ = {isa = PBXFileReference; lastKnownFileType = sourcecode.swift; path = MainViewController.swift; sourceTree = "<group>"; };
		8F04F7C629B1D97D00B1C4A8 /* Base */ = {isa = PBXFileReference; lastKnownFileType = file.storyboard; name = Base; path = Base.lproj/Main.storyboard; sourceTree = "<group>"; };
		8F04F7C829B1D97D00B1C4A8 /* Assets.xcassets */ = {isa = PBXFileReference; lastKnownFileType = folder.assetcatalog; path = Assets.xcassets; sourceTree = "<group>"; };
		8F04F7CB29B1D97D00B1C4A8 /* Base */ = {isa = PBXFileReference; lastKnownFileType = file.storyboard; name = Base; path = Base.lproj/LaunchScreen.storyboard; sourceTree = "<group>"; };
		8F04F7CD29B1D97D00B1C4A8 /* Info.plist */ = {isa = PBXFileReference; lastKnownFileType = text.plist.xml; path = Info.plist; sourceTree = "<group>"; };
		8F04F7D229B1D97D00B1C4A8 /* oekaki-snsTests.xctest */ = {isa = PBXFileReference; explicitFileType = wrapper.cfbundle; includeInIndex = 0; path = "oekaki-snsTests.xctest"; sourceTree = BUILT_PRODUCTS_DIR; };
		8F04F7D629B1D97D00B1C4A8 /* oekaki_snsTests.swift */ = {isa = PBXFileReference; lastKnownFileType = sourcecode.swift; path = oekaki_snsTests.swift; sourceTree = "<group>"; };
		8F04F7DC29B1D97D00B1C4A8 /* oekaki-snsUITests.xctest */ = {isa = PBXFileReference; explicitFileType = wrapper.cfbundle; includeInIndex = 0; path = "oekaki-snsUITests.xctest"; sourceTree = BUILT_PRODUCTS_DIR; };
		8F04F7E029B1D97D00B1C4A8 /* oekaki_snsUITests.swift */ = {isa = PBXFileReference; lastKnownFileType = sourcecode.swift; path = oekaki_snsUITests.swift; sourceTree = "<group>"; };
		8F04F7E229B1D97D00B1C4A8 /* oekaki_snsUITestsLaunchTests.swift */ = {isa = PBXFileReference; lastKnownFileType = sourcecode.swift; path = oekaki_snsUITestsLaunchTests.swift; sourceTree = "<group>"; };
/* End PBXFileReference section */

/* Begin PBXFrameworksBuildPhase section */
		8F04F7B929B1D97D00B1C4A8 /* Frameworks */ = {
			isa = PBXFrameworksBuildPhase;
			buildActionMask = 2147483647;
			files = (
			);
			runOnlyForDeploymentPostprocessing = 0;
		};
		8F04F7CF29B1D97D00B1C4A8 /* Frameworks */ = {
			isa = PBXFrameworksBuildPhase;
			buildActionMask = 2147483647;
			files = (
			);
			runOnlyForDeploymentPostprocessing = 0;
		};
		8F04F7D929B1D97D00B1C4A8 /* Frameworks */ = {
			isa = PBXFrameworksBuildPhase;
			buildActionMask = 2147483647;
			files = (
			);
			runOnlyForDeploymentPostprocessing = 0;
		};
/* End PBXFrameworksBuildPhase section */

/* Begin PBXGroup section */
		8F04F7B329B1D97D00B1C4A8 = {
			isa = PBXGroup;
			children = (
				8F04F7BE29B1D97D00B1C4A8 /* oekaki-sns */,
				8F04F7D529B1D97D00B1C4A8 /* oekaki-snsTests */,
				8F04F7DF29B1D97D00B1C4A8 /* oekaki-snsUITests */,
				8F04F7BD29B1D97D00B1C4A8 /* Products */,
			);
			sourceTree = "<group>";
		};
		8F04F7BD29B1D97D00B1C4A8 /* Products */ = {
			isa = PBXGroup;
			children = (
				8F04F7BC29B1D97D00B1C4A8 /* oekaki-sns.app */,
				8F04F7D229B1D97D00B1C4A8 /* oekaki-snsTests.xctest */,
				8F04F7DC29B1D97D00B1C4A8 /* oekaki-snsUITests.xctest */,
			);
			name = Products;
			sourceTree = "<group>";
		};
		8F04F7BE29B1D97D00B1C4A8 /* oekaki-sns */ = {
			isa = PBXGroup;
			children = (
				8F04F7BF29B1D97D00B1C4A8 /* AppDelegate.swift */,
				8F04F7C129B1D97D00B1C4A8 /* SceneDelegate.swift */,
				8F04F7C329B1D97D00B1C4A8 /* MainViewController.swift */,
				8F04F7C529B1D97D00B1C4A8 /* Main.storyboard */,
				8F04F7C829B1D97D00B1C4A8 /* Assets.xcassets */,
				8F04F7CA29B1D97D00B1C4A8 /* LaunchScreen.storyboard */,
				8F04F7CD29B1D97D00B1C4A8 /* Info.plist */,
			);
			path = "oekaki-sns";
			sourceTree = "<group>";
		};
		8F04F7D529B1D97D00B1C4A8 /* oekaki-snsTests */ = {
			isa = PBXGroup;
			children = (
				8F04F7D629B1D97D00B1C4A8 /* oekaki_snsTests.swift */,
			);
			path = "oekaki-snsTests";
			sourceTree = "<group>";
		};
		8F04F7DF29B1D97D00B1C4A8 /* oekaki-snsUITests */ = {
			isa = PBXGroup;
			children = (
				8F04F7E029B1D97D00B1C4A8 /* oekaki_snsUITests.swift */,
				8F04F7E229B1D97D00B1C4A8 /* oekaki_snsUITestsLaunchTests.swift */,
			);
			path = "oekaki-snsUITests";
			sourceTree = "<group>";
		};
/* End PBXGroup section */

/* Begin PBXNativeTarget section */
		8F04F7BB29B1D97D00B1C4A8 /* oekaki-sns */ = {
			isa = PBXNativeTarget;
			buildConfigurationList = 8F04F7E629B1D97D00B1C4A8 /* Build configuration list for PBXNativeTarget "oekaki-sns" */;
			buildPhases = (
				8F04F7B829B1D97D00B1C4A8 /* Sources */,
				8F04F7B929B1D97D00B1C4A8 /* Frameworks */,
				8F04F7BA29B1D97D00B1C4A8 /* Resources */,
			);
			buildRules = (
			);
			dependencies = (
			);
			name = "oekaki-sns";
			productName = "oekaki-sns";
			productReference = 8F04F7BC29B1D97D00B1C4A8 /* oekaki-sns.app */;
			productType = "com.apple.product-type.application";
		};
		8F04F7D129B1D97D00B1C4A8 /* oekaki-snsTests */ = {
			isa = PBXNativeTarget;
			buildConfigurationList = 8F04F7E929B1D97D00B1C4A8 /* Build configuration list for PBXNativeTarget "oekaki-snsTests" */;
			buildPhases = (
				8F04F7CE29B1D97D00B1C4A8 /* Sources */,
				8F04F7CF29B1D97D00B1C4A8 /* Frameworks */,
				8F04F7D029B1D97D00B1C4A8 /* Resources */,
			);
			buildRules = (
			);
			dependencies = (
				8F04F7D429B1D97D00B1C4A8 /* PBXTargetDependency */,
			);
			name = "oekaki-snsTests";
			productName = "oekaki-snsTests";
			productReference = 8F04F7D229B1D97D00B1C4A8 /* oekaki-snsTests.xctest */;
			productType = "com.apple.product-type.bundle.unit-test";
		};
		8F04F7DB29B1D97D00B1C4A8 /* oekaki-snsUITests */ = {
			isa = PBXNativeTarget;
			buildConfigurationList = 8F04F7EC29B1D97D00B1C4A8 /* Build configuration list for PBXNativeTarget "oekaki-snsUITests" */;
			buildPhases = (
				8F04F7D829B1D97D00B1C4A8 /* Sources */,
				8F04F7D929B1D97D00B1C4A8 /* Frameworks */,
				8F04F7DA29B1D97D00B1C4A8 /* Resources */,
			);
			buildRules = (
			);
			dependencies = (
				8F04F7DE29B1D97D00B1C4A8 /* PBXTargetDependency */,
			);
			name = "oekaki-snsUITests";
			productName = "oekaki-snsUITests";
			productReference = 8F04F7DC29B1D97D00B1C4A8 /* oekaki-snsUITests.xctest */;
			productType = "com.apple.product-type.bundle.ui-testing";
		};
/* End PBXNativeTarget section */

/* Begin PBXProject section */
		8F04F7B429B1D97D00B1C4A8 /* Project object */ = {
			isa = PBXProject;
			attributes = {
				BuildIndependentTargetsInParallel = 1;
				LastSwiftUpdateCheck = 1420;
				LastUpgradeCheck = 1420;
				TargetAttributes = {
					8F04F7BB29B1D97D00B1C4A8 = {
						CreatedOnToolsVersion = 14.2;
					};
					8F04F7D129B1D97D00B1C4A8 = {
						CreatedOnToolsVersion = 14.2;
						TestTargetID = 8F04F7BB29B1D97D00B1C4A8;
					};
					8F04F7DB29B1D97D00B1C4A8 = {
						CreatedOnToolsVersion = 14.2;
						TestTargetID = 8F04F7BB29B1D97D00B1C4A8;
					};
				};
			};
			buildConfigurationList = 8F04F7B729B1D97D00B1C4A8 /* Build configuration list for PBXProject "oekaki-sns" */;
			compatibilityVersion = "Xcode 14.0";
			developmentRegion = en;
			hasScannedForEncodings = 0;
			knownRegions = (
				en,
				Base,
			);
			mainGroup = 8F04F7B329B1D97D00B1C4A8;
			productRefGroup = 8F04F7BD29B1D97D00B1C4A8 /* Products */;
			projectDirPath = "";
			projectRoot = "";
			targets = (
				8F04F7BB29B1D97D00B1C4A8 /* oekaki-sns */,
				8F04F7D129B1D97D00B1C4A8 /* oekaki-snsTests */,
				8F04F7DB29B1D97D00B1C4A8 /* oekaki-snsUITests */,
			);
		};
/* End PBXProject section */

/* Begin PBXResourcesBuildPhase section */
		8F04F7BA29B1D97D00B1C4A8 /* Resources */ = {
			isa = PBXResourcesBuildPhase;
			buildActionMask = 2147483647;
			files = (
				8F04F7CC29B1D97D00B1C4A8 /* LaunchScreen.storyboard in Resources */,
				8F04F7C929B1D97D00B1C4A8 /* Assets.xcassets in Resources */,
				8F04F7C729B1D97D00B1C4A8 /* Main.storyboard in Resources */,
			);
			runOnlyForDeploymentPostprocessing = 0;
		};
		8F04F7D029B1D97D00B1C4A8 /* Resources */ = {
			isa = PBXResourcesBuildPhase;
			buildActionMask = 2147483647;
			files = (
			);
			runOnlyForDeploymentPostprocessing = 0;
		};
		8F04F7DA29B1D97D00B1C4A8 /* Resources */ = {
			isa = PBXResourcesBuildPhase;
			buildActionMask = 2147483647;
			files = (
			);
			runOnlyForDeploymentPostprocessing = 0;
		};
/* End PBXResourcesBuildPhase section */

/* Begin PBXSourcesBuildPhase section */
		8F04F7B829B1D97D00B1C4A8 /* Sources */ = {
			isa = PBXSourcesBuildPhase;
			buildActionMask = 2147483647;
			files = (
				8F04F7C429B1D97D00B1C4A8 /* MainViewController.swift in Sources */,
				8F04F7C029B1D97D00B1C4A8 /* AppDelegate.swift in Sources */,
				8F04F7C229B1D97D00B1C4A8 /* SceneDelegate.swift in Sources */,
			);
			runOnlyForDeploymentPostprocessing = 0;
		};
		8F04F7CE29B1D97D00B1C4A8 /* Sources */ = {
			isa = PBXSourcesBuildPhase;
			buildActionMask = 2147483647;
			files = (
				8F04F7D729B1D97D00B1C4A8 /* oekaki_snsTests.swift in Sources */,
			);
			runOnlyForDeploymentPostprocessing = 0;
		};
		8F04F7D829B1D97D00B1C4A8 /* Sources */ = {
			isa = PBXSourcesBuildPhase;
			buildActionMask = 2147483647;
			files = (
				8F04F7E129B1D97D00B1C4A8 /* oekaki_snsUITests.swift in Sources */,
				8F04F7E329B1D97D00B1C4A8 /* oekaki_snsUITestsLaunchTests.swift in Sources */,
			);
			runOnlyForDeploymentPostprocessing = 0;
		};
/* End PBXSourcesBuildPhase section */

/* Begin PBXTargetDependency section */
		8F04F7D429B1D97D00B1C4A8 /* PBXTargetDependency */ = {
			isa = PBXTargetDependency;
			target = 8F04F7BB29B1D97D00B1C4A8 /* oekaki-sns */;
			targetProxy = 8F04F7D329B1D97D00B1C4A8 /* PBXContainerItemProxy */;
		};
		8F04F7DE29B1D97D00B1C4A8 /* PBXTargetDependency */ = {
			isa = PBXTargetDependency;
			target = 8F04F7BB29B1D97D00B1C4A8 /* oekaki-sns */;
			targetProxy = 8F04F7DD29B1D97D00B1C4A8 /* PBXContainerItemProxy */;
		};
/* End PBXTargetDependency section */

/* Begin PBXVariantGroup section */
		8F04F7C529B1D97D00B1C4A8 /* Main.storyboard */ = {
			isa = PBXVariantGroup;
			children = (
				8F04F7C629B1D97D00B1C4A8 /* Base */,
			);
			name = Main.storyboard;
			sourceTree = "<group>";
		};
		8F04F7CA29B1D97D00B1C4A8 /* LaunchScreen.storyboard */ = {
			isa = PBXVariantGroup;
			children = (
				8F04F7CB29B1D97D00B1C4A8 /* Base */,
			);
			name = LaunchScreen.storyboard;
			sourceTree = "<group>";
		};
/* End PBXVariantGroup section */

/* Begin XCBuildConfiguration section */
		8F04F7E429B1D97D00B1C4A8 /* Debug */ = {
			isa = XCBuildConfiguration;
			buildSettings = {
				ALWAYS_SEARCH_USER_PATHS = NO;
				CLANG_ANALYZER_NONNULL = YES;
				CLANG_ANALYZER_NUMBER_OBJECT_CONVERSION = YES_AGGRESSIVE;
				CLANG_CXX_LANGUAGE_STANDARD = "gnu++20";
				CLANG_ENABLE_MODULES = YES;
				CLANG_ENABLE_OBJC_ARC = YES;
				CLANG_ENABLE_OBJC_WEAK = YES;
				CLANG_WARN_BLOCK_CAPTURE_AUTORELEASING = YES;
				CLANG_WARN_BOOL_CONVERSION = YES;
				CLANG_WARN_COMMA = YES;
				CLANG_WARN_CONSTANT_CONVERSION = YES;
				CLANG_WARN_DEPRECATED_OBJC_IMPLEMENTATIONS = YES;
				CLANG_WARN_DIRECT_OBJC_ISA_USAGE = YES_ERROR;
				CLANG_WARN_DOCUMENTATION_COMMENTS = YES;
				CLANG_WARN_EMPTY_BODY = YES;
				CLANG_WARN_ENUM_CONVERSION = YES;
				CLANG_WARN_INFINITE_RECURSION = YES;
				CLANG_WARN_INT_CONVERSION = YES;
				CLANG_WARN_NON_LITERAL_NULL_CONVERSION = YES;
				CLANG_WARN_OBJC_IMPLICIT_RETAIN_SELF = YES;
				CLANG_WARN_OBJC_LITERAL_CONVERSION = YES;
				CLANG_WARN_OBJC_ROOT_CLASS = YES_ERROR;
				CLANG_WARN_QUOTED_INCLUDE_IN_FRAMEWORK_HEADER = YES;
				CLANG_WARN_RANGE_LOOP_ANALYSIS = YES;
				CLANG_WARN_STRICT_PROTOTYPES = YES;
				CLANG_WARN_SUSPICIOUS_MOVE = YES;
				CLANG_WARN_UNGUARDED_AVAILABILITY = YES_AGGRESSIVE;
				CLANG_WARN_UNREACHABLE_CODE = YES;
				CLANG_WARN__DUPLICATE_METHOD_MATCH = YES;
				COPY_PHASE_STRIP = NO;
				DEBUG_INFORMATION_FORMAT = dwarf;
				ENABLE_STRICT_OBJC_MSGSEND = YES;
				ENABLE_TESTABILITY = YES;
				GCC_C_LANGUAGE_STANDARD = gnu11;
				GCC_DYNAMIC_NO_PIC = NO;
				GCC_NO_COMMON_BLOCKS = YES;
				GCC_OPTIMIZATION_LEVEL = 0;
				GCC_PREPROCESSOR_DEFINITIONS = (
					"DEBUG=1",
					"$(inherited)",
				);
				GCC_WARN_64_TO_32_BIT_CONVERSION = YES;
				GCC_WARN_ABOUT_RETURN_TYPE = YES_ERROR;
				GCC_WARN_UNDECLARED_SELECTOR = YES;
				GCC_WARN_UNINITIALIZED_AUTOS = YES_AGGRESSIVE;
				GCC_WARN_UNUSED_FUNCTION = YES;
				GCC_WARN_UNUSED_VARIABLE = YES;
				IPHONEOS_DEPLOYMENT_TARGET = 16.2;
				MTL_ENABLE_DEBUG_INFO = INCLUDE_SOURCE;
				MTL_FAST_MATH = YES;
				ONLY_ACTIVE_ARCH = YES;
				SDKROOT = iphoneos;
				SWIFT_ACTIVE_COMPILATION_CONDITIONS = DEBUG;
				SWIFT_OPTIMIZATION_LEVEL = "-Onone";
			};
			name = Debug;
		};
		8F04F7E529B1D97D00B1C4A8 /* Release */ = {
			isa = XCBuildConfiguration;
			buildSettings = {
				ALWAYS_SEARCH_USER_PATHS = NO;
				CLANG_ANALYZER_NONNULL = YES;
				CLANG_ANALYZER_NUMBER_OBJECT_CONVERSION = YES_AGGRESSIVE;
				CLANG_CXX_LANGUAGE_STANDARD = "gnu++20";
				CLANG_ENABLE_MODULES = YES;
				CLANG_ENABLE_OBJC_ARC = YES;
				CLANG_ENABLE_OBJC_WEAK = YES;
				CLANG_WARN_BLOCK_CAPTURE_AUTORELEASING = YES;
				CLANG_WARN_BOOL_CONVERSION = YES;
				CLANG_WARN_COMMA = YES;
				CLANG_WARN_CONSTANT_CONVERSION = YES;
				CLANG_WARN_DEPRECATED_OBJC_IMPLEMENTATIONS = YES;
				CLANG_WARN_DIRECT_OBJC_ISA_USAGE = YES_ERROR;
				CLANG_WARN_DOCUMENTATION_COMMENTS = YES;
				CLANG_WARN_EMPTY_BODY = YES;
				CLANG_WARN_ENUM_CONVERSION = YES;
				CLANG_WARN_INFINITE_RECURSION = YES;
				CLANG_WARN_INT_CONVERSION = YES;
				CLANG_WARN_NON_LITERAL_NULL_CONVERSION = YES;
				CLANG_WARN_OBJC_IMPLICIT_RETAIN_SELF = YES;
				CLANG_WARN_OBJC_LITERAL_CONVERSION = YES;
				CLANG_WARN_OBJC_ROOT_CLASS = YES_ERROR;
				CLANG_WARN_QUOTED_INCLUDE_IN_FRAMEWORK_HEADER = YES;
				CLANG_WARN_RANGE_LOOP_ANALYSIS = YES;
				CLANG_WARN_STRICT_PROTOTYPES = YES;
				CLANG_WARN_SUSPICIOUS_MOVE = YES;
				CLANG_WARN_UNGUARDED_AVAILABILITY = YES_AGGRESSIVE;
				CLANG_WARN_UNREACHABLE_CODE = YES;
				CLANG_WARN__DUPLICATE_METHOD_MATCH = YES;
				COPY_PHASE_STRIP = NO;
				DEBUG_INFORMATION_FORMAT = "dwarf-with-dsym";
				ENABLE_NS_ASSERTIONS = NO;
				ENABLE_STRICT_OBJC_MSGSEND = YES;
				GCC_C_LANGUAGE_STANDARD = gnu11;
				GCC_NO_COMMON_BLOCKS = YES;
				GCC_WARN_64_TO_32_BIT_CONVERSION = YES;
				GCC_WARN_ABOUT_RETURN_TYPE = YES_ERROR;
				GCC_WARN_UNDECLARED_SELECTOR = YES;
				GCC_WARN_UNINITIALIZED_AUTOS = YES_AGGRESSIVE;
				GCC_WARN_UNUSED_FUNCTION = YES;
				GCC_WARN_UNUSED_VARIABLE = YES;
				IPHONEOS_DEPLOYMENT_TARGET = 16.2;
				MTL_ENABLE_DEBUG_INFO = NO;
				MTL_FAST_MATH = YES;
				SDKROOT = iphoneos;
				SWIFT_COMPILATION_MODE = wholemodule;
				SWIFT_OPTIMIZATION_LEVEL = "-O";
				VALIDATE_PRODUCT = YES;
			};
			name = Release;
		};
		8F04F7E729B1D97D00B1C4A8 /* Debug */ = {
			isa = XCBuildConfiguration;
			buildSettings = {
				ASSETCATALOG_COMPILER_APPICON_NAME = AppIcon;
				ASSETCATALOG_COMPILER_GLOBAL_ACCENT_COLOR_NAME = AccentColor;
				CODE_SIGN_STYLE = Automatic;
				CURRENT_PROJECT_VERSION = 1;
				DEVELOPMENT_TEAM = 42K232K5UT;
				GENERATE_INFOPLIST_FILE = YES;
				INFOPLIST_FILE = "oekaki-sns/Info.plist";
				INFOPLIST_KEY_UIApplicationSupportsIndirectInputEvents = YES;
				INFOPLIST_KEY_UILaunchStoryboardName = LaunchScreen;
				INFOPLIST_KEY_UIMainStoryboardFile = Main;
				INFOPLIST_KEY_UISupportedInterfaceOrientations_iPad = "UIInterfaceOrientationPortrait UIInterfaceOrientationPortraitUpsideDown UIInterfaceOrientationLandscapeLeft UIInterfaceOrientationLandscapeRight";
				INFOPLIST_KEY_UISupportedInterfaceOrientations_iPhone = "UIInterfaceOrientationPortrait UIInterfaceOrientationLandscapeLeft UIInterfaceOrientationLandscapeRight";
				LD_RUNPATH_SEARCH_PATHS = (
					"$(inherited)",
					"@executable_path/Frameworks",
				);
				MARKETING_VERSION = 1.0;
				PRODUCT_BUNDLE_IDENTIFIER = "io.thaitani.oekaki-sns";
				PRODUCT_NAME = "$(TARGET_NAME)";
				SWIFT_EMIT_LOC_STRINGS = YES;
				SWIFT_VERSION = 5.0;
				TARGETED_DEVICE_FAMILY = "1,2";
			};
			name = Debug;
		};
		8F04F7E829B1D97D00B1C4A8 /* Release */ = {
			isa = XCBuildConfiguration;
			buildSettings = {
				ASSETCATALOG_COMPILER_APPICON_NAME = AppIcon;
				ASSETCATALOG_COMPILER_GLOBAL_ACCENT_COLOR_NAME = AccentColor;
				CODE_SIGN_STYLE = Automatic;
				CURRENT_PROJECT_VERSION = 1;
				DEVELOPMENT_TEAM = 42K232K5UT;
				GENERATE_INFOPLIST_FILE = YES;
				INFOPLIST_FILE = "oekaki-sns/Info.plist";
				INFOPLIST_KEY_UIApplicationSupportsIndirectInputEvents = YES;
				INFOPLIST_KEY_UILaunchStoryboardName = LaunchScreen;
				INFOPLIST_KEY_UIMainStoryboardFile = Main;
				INFOPLIST_KEY_UISupportedInterfaceOrientations_iPad = "UIInterfaceOrientationPortrait UIInterfaceOrientationPortraitUpsideDown UIInterfaceOrientationLandscapeLeft UIInterfaceOrientationLandscapeRight";
				INFOPLIST_KEY_UISupportedInterfaceOrientations_iPhone = "UIInterfaceOrientationPortrait UIInterfaceOrientationLandscapeLeft UIInterfaceOrientationLandscapeRight";
				LD_RUNPATH_SEARCH_PATHS = (
					"$(inherited)",
					"@executable_path/Frameworks",
				);
				MARKETING_VERSION = 1.0;
				PRODUCT_BUNDLE_IDENTIFIER = "io.thaitani.oekaki-sns";
				PRODUCT_NAME = "$(TARGET_NAME)";
				SWIFT_EMIT_LOC_STRINGS = YES;
				SWIFT_VERSION = 5.0;
				TARGETED_DEVICE_FAMILY = "1,2";
			};
			name = Release;
		};
		8F04F7EA29B1D97D00B1C4A8 /* Debug */ = {
			isa = XCBuildConfiguration;
			buildSettings = {
				ALWAYS_EMBED_SWIFT_STANDARD_LIBRARIES = YES;
				BUNDLE_LOADER = "$(TEST_HOST)";
				CODE_SIGN_STYLE = Automatic;
				CURRENT_PROJECT_VERSION = 1;
				DEVELOPMENT_TEAM = 42K232K5UT;
				GENERATE_INFOPLIST_FILE = YES;
				IPHONEOS_DEPLOYMENT_TARGET = 16.2;
				MARKETING_VERSION = 1.0;
				PRODUCT_BUNDLE_IDENTIFIER = "io.thaitani.oekaki-snsTests";
				PRODUCT_NAME = "$(TARGET_NAME)";
				SWIFT_EMIT_LOC_STRINGS = NO;
				SWIFT_VERSION = 5.0;
				TARGETED_DEVICE_FAMILY = "1,2";
				TEST_HOST = "$(BUILT_PRODUCTS_DIR)/oekaki-sns.app/$(BUNDLE_EXECUTABLE_FOLDER_PATH)/oekaki-sns";
			};
			name = Debug;
		};
		8F04F7EB29B1D97D00B1C4A8 /* Release */ = {
			isa = XCBuildConfiguration;
			buildSettings = {
				ALWAYS_EMBED_SWIFT_STANDARD_LIBRARIES = YES;
				BUNDLE_LOADER = "$(TEST_HOST)";
				CODE_SIGN_STYLE = Automatic;
				CURRENT_PROJECT_VERSION = 1;
				DEVELOPMENT_TEAM = 42K232K5UT;
				GENERATE_INFOPLIST_FILE = YES;
				IPHONEOS_DEPLOYMENT_TARGET = 16.2;
				MARKETING_VERSION = 1.0;
				PRODUCT_BUNDLE_IDENTIFIER = "io.thaitani.oekaki-snsTests";
				PRODUCT_NAME = "$(TARGET_NAME)";
				SWIFT_EMIT_LOC_STRINGS = NO;
				SWIFT_VERSION = 5.0;
				TARGETED_DEVICE_FAMILY = "1,2";
				TEST_HOST = "$(BUILT_PRODUCTS_DIR)/oekaki-sns.app/$(BUNDLE_EXECUTABLE_FOLDER_PATH)/oekaki-sns";
			};
			name = Release;
		};
		8F04F7ED29B1D97D00B1C4A8 /* Debug */ = {
			isa = XCBuildConfiguration;
			buildSettings = {
				ALWAYS_EMBED_SWIFT_STANDARD_LIBRARIES = YES;
				CODE_SIGN_STYLE = Automatic;
				CURRENT_PROJECT_VERSION = 1;
				DEVELOPMENT_TEAM = 42K232K5UT;
				GENERATE_INFOPLIST_FILE = YES;
				MARKETING_VERSION = 1.0;
				PRODUCT_BUNDLE_IDENTIFIER = "io.thaitani.oekaki-snsUITests";
				PRODUCT_NAME = "$(TARGET_NAME)";
				SWIFT_EMIT_LOC_STRINGS = NO;
				SWIFT_VERSION = 5.0;
				TARGETED_DEVICE_FAMILY = "1,2";
				TEST_TARGET_NAME = "oekaki-sns";
			};
			name = Debug;
		};
		8F04F7EE29B1D97D00B1C4A8 /* Release */ = {
			isa = XCBuildConfiguration;
			buildSettings = {
				ALWAYS_EMBED_SWIFT_STANDARD_LIBRARIES = YES;
				CODE_SIGN_STYLE = Automatic;
				CURRENT_PROJECT_VERSION = 1;
				DEVELOPMENT_TEAM = 42K232K5UT;
				GENERATE_INFOPLIST_FILE = YES;
				MARKETING_VERSION = 1.0;
				PRODUCT_BUNDLE_IDENTIFIER = "io.thaitani.oekaki-snsUITests";
				PRODUCT_NAME = "$(TARGET_NAME)";
				SWIFT_EMIT_LOC_STRINGS = NO;
				SWIFT_VERSION = 5.0;
				TARGETED_DEVICE_FAMILY = "1,2";
				TEST_TARGET_NAME = "oekaki-sns";
			};
			name = Release;
		};
/* End XCBuildConfiguration section */

/* Begin XCConfigurationList section */
		8F04F7B729B1D97D00B1C4A8 /* Build configuration list for PBXProject "oekaki-sns" */ = {
			isa = XCConfigurationList;
			buildConfigurations = (
				8F04F7E429B1D97D00B1C4A8 /* Debug */,
				8F04F7E529B1D97D00B1C4A8 /* Release */,
			);
			defaultConfigurationIsVisible = 0;
			defaultConfigurationName = Release;
		};
		8F04F7E629B1D97D00B1C4A8 /* Build configuration list for PBXNativeTarget "oekaki-sns" */ = {
			isa = XCConfigurationList;
			buildConfigurations = (
				8F04F7E729B1D97D00B1C4A8 /* Debug */,
				8F04F7E829B1D97D00B1C4A8 /* Release */,
			);
			defaultConfigurationIsVisible = 0;
			defaultConfigurationName = Release;
		};
		8F04F7E929B1D97D00B1C4A8 /* Build configuration list for PBXNativeTarget "oekaki-snsTests" */ = {
			isa = XCConfigurationList;
			buildConfigurations = (
				8F04F7EA29B1D97D00B1C4A8 /* Debug */,
				8F04F7EB29B1D97D00B1C4A8 /* Release */,
			);
			defaultConfigurationIsVisible = 0;
			defaultConfigurationName = Release;
		};
		8F04F7EC29B1D97D00B1C4A8 /* Build configuration list for PBXNativeTarget "oekaki-snsUITests" */ = {
			isa = XCConfigurationList;
			buildConfigurations = (
				8F04F7ED29B1D97D00B1C4A8 /* Debug */,
				8F04F7EE29B1D97D00B1C4A8 /* Release */,
			);
			defaultConfigurationIsVisible = 0;
			defaultConfigurationName = Release;
		};
/* End XCConfigurationList section */
	};
	rootObject = 8F04F7B429B1D97D00B1C4A8 /* Project object */;
}
